{
	"name": "action-hashnode-blog",
	"version": "1.0.0",
	"lockfileVersion": 2,
	"requires": true,
	"packages": {
		"": {
			"name": "action-hashnode-blog",
			"version": "1.0.0",
			"license": "MIT",
			"devDependencies": {
				"@actions/core": "^1.10.1",
				"@vercel/ncc": "^0.38.1",
				"gist-box": "^0.3.1"
			},
			"engines": {
				"node": "20.12.2"
			}
		},
		"node_modules/@actions/core": {
			"version": "1.10.1",
			"resolved": "https://registry.npmjs.org/@actions/core/-/core-1.10.1.tgz",
			"integrity": "sha512-3lBR9EDAY+iYIpTnTIXmWcNbX3T2kCkAEQGIQx4NVQ0575nk2k3GRZDTPQG+vVtS2izSLmINlxXf0uLtnrTP+g==",
			"dev": true,
			"dependencies": {
				"@actions/http-client": "^2.0.1",
				"uuid": "^8.3.2"
			}
		},
		"node_modules/@actions/http-client": {
			"version": "2.2.1",
			"resolved": "https://registry.npmjs.org/@actions/http-client/-/http-client-2.2.1.tgz",
			"integrity": "sha512-KhC/cZsq7f8I4LfZSJKgCvEwfkE8o1538VoBeoGzokVLLnbFDEAdFD3UhoMklxo2un9NJVBdANOresx7vTHlHw==",
			"dev": true,
			"dependencies": {
				"tunnel": "^0.0.6",
				"undici": "^5.25.4"
			}
		},
		"node_modules/@fastify/busboy": {
			"version": "2.1.1",
			"resolved": "https://registry.npmjs.org/@fastify/busboy/-/busboy-2.1.1.tgz",
			"integrity": "sha512-vBZP4NlzfOlerQTnba4aqZoMhE/a9HY7HRqoOPaETQcSQuWEIyZMHGfVu6w9wGtGK5fED5qRs2DteVCjOH60sA==",
			"dev": true,
			"engines": {
				"node": ">=14"
			}
		},
		"node_modules/@octokit/endpoint": {
			"version": "6.0.9",
			"resolved": "https://registry.npmjs.org/@octokit/endpoint/-/endpoint-6.0.9.tgz",
			"integrity": "sha512-3VPLbcCuqji4IFTclNUtGdp9v7g+nspWdiCUbK3+iPMjJCZ6LEhn1ts626bWLOn0GiDb6j+uqGvPpqLnY7pBgw==",
			"dev": true,
			"dependencies": {
				"@octokit/types": "^5.0.0",
				"is-plain-object": "^5.0.0",
				"universal-user-agent": "^6.0.0"
			}
		},
		"node_modules/@octokit/request": {
			"version": "5.4.10",
			"resolved": "https://registry.npmjs.org/@octokit/request/-/request-5.4.10.tgz",
			"integrity": "sha512-egA49HkqEORVGDZGav1mh+VD+7uLgOxtn5oODj6guJk0HCy+YBSYapFkSLFgeYj3Fr18ZULKGURkjyhkAChylw==",
			"dev": true,
			"dependencies": {
				"@octokit/endpoint": "^6.0.1",
				"@octokit/request-error": "^2.0.0",
				"@octokit/types": "^5.0.0",
				"deprecation": "^2.0.0",
				"is-plain-object": "^5.0.0",
				"node-fetch": "^2.6.1",
				"once": "^1.4.0",
				"universal-user-agent": "^6.0.0"
			}
		},
		"node_modules/@octokit/request-error": {
			"version": "2.0.3",
			"resolved": "https://registry.npmjs.org/@octokit/request-error/-/request-error-2.0.3.tgz",
			"integrity": "sha512-GgD5z8Btm301i2zfvJLk/mkhvGCdjQ7wT8xF9ov5noQY8WbKZDH9cOBqXzoeKd1mLr1xH2FwbtGso135zGBgTA==",
			"dev": true,
			"dependencies": {
				"@octokit/types": "^5.0.1",
				"deprecation": "^2.0.0",
				"once": "^1.4.0"
			}
		},
		"node_modules/@octokit/types": {
			"version": "5.5.0",
			"resolved": "https://registry.npmjs.org/@octokit/types/-/types-5.5.0.tgz",
			"integrity": "sha512-UZ1pErDue6bZNjYOotCNveTXArOMZQFG6hKJfOnGnulVCMcVVi7YIIuuR4WfBhjo7zgpmzn/BkPDnUXtNx+PcQ==",
			"dev": true,
			"dependencies": {
				"@types/node": ">= 8"
			}
		},
		"node_modules/@types/node": {
			"version": "14.14.6",
			"resolved": "https://registry.npmjs.org/@types/node/-/node-14.14.6.tgz",
			"integrity": "sha512-6QlRuqsQ/Ox/aJEQWBEJG7A9+u7oSYl3mem/K8IzxXG/kAGbV1YPD9Bg9Zw3vyxC/YP+zONKwy8hGkSt1jxFMw==",
			"dev": true
		},
		"node_modules/@vercel/ncc": {
			"version": "0.38.1",
			"resolved": "https://registry.npmjs.org/@vercel/ncc/-/ncc-0.38.1.tgz",
			"integrity": "sha512-IBBb+iI2NLu4VQn3Vwldyi2QwaXt5+hTyh58ggAMoCGE6DJmPvwL3KPBWcJl1m9LYPChBLE980Jw+CS4Wokqxw==",
			"dev": true,
			"bin": {
				"ncc": "dist/ncc/cli.js"
			}
		},
		"node_modules/deprecation": {
			"version": "2.3.1",
			"resolved": "https://registry.npmjs.org/deprecation/-/deprecation-2.3.1.tgz",
			"integrity": "sha512-xmHIy4F3scKVwMsQ4WnVaS8bHOx0DmVwRywosKhaILI0ywMDWPtBSku2HNxRvF7jtwDRsoEwYQSfbxj8b7RlJQ==",
			"dev": true
		},
		"node_modules/gist-box": {
			"version": "0.3.1",
			"resolved": "https://registry.npmjs.org/gist-box/-/gist-box-0.3.1.tgz",
			"integrity": "sha512-ylUuIgJtoT/QkeTKetoVGCKI636/N++3z0OH/GoG58NkSOcmzb8KepR3CAnk3oV1MFRQrTrzwBgZiSlf/OImXw==",
			"dev": true,
			"dependencies": {
				"@octokit/request": "^5.3.4"
			}
		},
		"node_modules/is-plain-object": {
			"version": "5.0.0",
			"resolved": "https://registry.npmjs.org/is-plain-object/-/is-plain-object-5.0.0.tgz",
			"integrity": "sha512-VRSzKkbMm5jMDoKLbltAkFQ5Qr7VDiTFGXxYFXXowVj387GeGNOCsOH6Msy00SGZ3Fp84b1Naa1psqgcCIEP5Q==",
			"dev": true,
			"engines": {
				"node": ">=0.10.0"
			}
		},
		"node_modules/node-fetch": {
			"version": "2.6.1",
			"resolved": "https://registry.npmjs.org/node-fetch/-/node-fetch-2.6.1.tgz",
			"integrity": "sha512-V4aYg89jEoVRxRb2fJdAg8FHvI7cEyYdVAh94HH0UIK8oJxUfkjlDQN9RbMx+bEjP7+ggMiFRprSti032Oipxw==",
			"dev": true,
			"engines": {
				"node": "4.x || >=6.0.0"
			}
		},
		"node_modules/once": {
			"version": "1.4.0",
			"resolved": "https://registry.npmjs.org/once/-/once-1.4.0.tgz",
			"integrity": "sha1-WDsap3WWHUsROsF9nFC6753Xa9E=",
			"dev": true,
			"dependencies": {
				"wrappy": "1"
			}
		},
		"node_modules/tunnel": {
			"version": "0.0.6",
			"resolved": "https://registry.npmjs.org/tunnel/-/tunnel-0.0.6.tgz",
			"integrity": "sha512-1h/Lnq9yajKY2PEbBadPXj3VxsDDu844OnaAo52UVmIzIvwwtBPIuNvkjuzBlTWpfJyUbG3ez0KSBibQkj4ojg==",
			"dev": true,
			"engines": {
				"node": ">=0.6.11 <=0.7.0 || >=0.7.3"
			}
		},
		"node_modules/undici": {
			"version": "5.28.4",
			"resolved": "https://registry.npmjs.org/undici/-/undici-5.28.4.tgz",
			"integrity": "sha512-72RFADWFqKmUb2hmmvNODKL3p9hcB6Gt2DOQMis1SEBaV6a4MH8soBvzg+95CYhCKPFedut2JY9bMfrDl9D23g==",
			"dev": true,
			"dependencies": {
				"@fastify/busboy": "^2.0.0"
			},
			"engines": {
				"node": ">=14.0"
			}
		},
		"node_modules/universal-user-agent": {
			"version": "6.0.0",
			"resolved": "https://registry.npmjs.org/universal-user-agent/-/universal-user-agent-6.0.0.tgz",
			"integrity": "sha512-isyNax3wXoKaulPDZWHQqbmIx1k2tb9fb3GGDBRxCscfYV2Ch7WxPArBsFEG8s/safwXTT7H4QGhaIkTp9447w==",
			"dev": true
		},
		"node_modules/uuid": {
			"version": "8.3.2",
			"resolved": "https://registry.npmjs.org/uuid/-/uuid-8.3.2.tgz",
			"integrity": "sha512-+NYs2QeMWy+GWFOEm9xnn6HCDp0l7QBD7ml8zLUmJ+93Q5NF0NocErnwkTkXVFNiX3/fpC6afS8Dhb/gz7R7eg==",
			"dev": true,
			"bin": {
				"uuid": "dist/bin/uuid"
			}
		},
		"node_modules/wrappy": {
			"version": "1.0.2",
			"resolved": "https://registry.npmjs.org/wrappy/-/wrappy-1.0.2.tgz",
			"integrity": "sha1-tSQ9jz7BqjXxNkYFvA0QNuMKtp8=",
			"dev": true
		}
	},
	"dependencies": {
		"@actions/core": {
			"version": "1.10.1",
			"resolved": "https://registry.npmjs.org/@actions/core/-/core-1.10.1.tgz",
			"integrity": "sha512-3lBR9EDAY+iYIpTnTIXmWcNbX3T2kCkAEQGIQx4NVQ0575nk2k3GRZDTPQG+vVtS2izSLmINlxXf0uLtnrTP+g==",
			"dev": true,
			"requires": {
				"@actions/http-client": "^2.0.1",
				"uuid": "^8.3.2"
			}
		},
		"@actions/http-client": {
			"version": "2.2.1",
			"resolved": "https://registry.npmjs.org/@actions/http-client/-/http-client-2.2.1.tgz",
			"integrity": "sha512-KhC/cZsq7f8I4LfZSJKgCvEwfkE8o1538VoBeoGzokVLLnbFDEAdFD3UhoMklxo2un9NJVBdANOresx7vTHlHw==",
			"dev": true,
			"requires": {
				"tunnel": "^0.0.6",
				"undici": "^5.25.4"
			}
		},
		"@fastify/busboy": {
			"version": "2.1.1",
			"resolved": "https://registry.npmjs.org/@fastify/busboy/-/busboy-2.1.1.tgz",
			"integrity": "sha512-vBZP4NlzfOlerQTnba4aqZoMhE/a9HY7HRqoOPaETQcSQuWEIyZMHGfVu6w9wGtGK5fED5qRs2DteVCjOH60sA==",
			"dev": true
		},
		"@octokit/endpoint": {
			"version": "6.0.9",
			"resolved": "https://registry.npmjs.org/@octokit/endpoint/-/endpoint-6.0.9.tgz",
			"integrity": "sha512-3VPLbcCuqji4IFTclNUtGdp9v7g+nspWdiCUbK3+iPMjJCZ6LEhn1ts626bWLOn0GiDb6j+uqGvPpqLnY7pBgw==",
			"dev": true,
			"requires": {
				"@octokit/types": "^5.0.0",
				"is-plain-object": "^5.0.0",
				"universal-user-agent": "^6.0.0"
			}
		},
		"@octokit/request": {
			"version": "5.4.10",
			"resolved": "https://registry.npmjs.org/@octokit/request/-/request-5.4.10.tgz",
			"integrity": "sha512-egA49HkqEORVGDZGav1mh+VD+7uLgOxtn5oODj6guJk0HCy+YBSYapFkSLFgeYj3Fr18ZULKGURkjyhkAChylw==",
			"dev": true,
			"requires": {
				"@octokit/endpoint": "^6.0.1",
				"@octokit/request-error": "^2.0.0",
				"@octokit/types": "^5.0.0",
				"deprecation": "^2.0.0",
				"is-plain-object": "^5.0.0",
				"node-fetch": "^2.6.1",
				"once": "^1.4.0",
				"universal-user-agent": "^6.0.0"
			}
		},
		"@octokit/request-error": {
			"version": "2.0.3",
			"resolved": "https://registry.npmjs.org/@octokit/request-error/-/request-error-2.0.3.tgz",
			"integrity": "sha512-GgD5z8Btm301i2zfvJLk/mkhvGCdjQ7wT8xF9ov5noQY8WbKZDH9cOBqXzoeKd1mLr1xH2FwbtGso135zGBgTA==",
			"dev": true,
			"requires": {
				"@octokit/types": "^5.0.1",
				"deprecation": "^2.0.0",
				"once": "^1.4.0"
			}
		},
		"@octokit/types": {
			"version": "5.5.0",
			"resolved": "https://registry.npmjs.org/@octokit/types/-/types-5.5.0.tgz",
			"integrity": "sha512-UZ1pErDue6bZNjYOotCNveTXArOMZQFG6hKJfOnGnulVCMcVVi7YIIuuR4WfBhjo7zgpmzn/BkPDnUXtNx+PcQ==",
			"dev": true,
			"requires": {
				"@types/node": ">= 8"
			}
		},
		"@types/node": {
			"version": "14.14.6",
			"resolved": "https://registry.npmjs.org/@types/node/-/node-14.14.6.tgz",
			"integrity": "sha512-6QlRuqsQ/Ox/aJEQWBEJG7A9+u7oSYl3mem/K8IzxXG/kAGbV1YPD9Bg9Zw3vyxC/YP+zONKwy8hGkSt1jxFMw==",
			"dev": true
		},
		"@vercel/ncc": {
			"version": "0.38.1",
			"resolved": "https://registry.npmjs.org/@vercel/ncc/-/ncc-0.38.1.tgz",
			"integrity": "sha512-IBBb+iI2NLu4VQn3Vwldyi2QwaXt5+hTyh58ggAMoCGE6DJmPvwL3KPBWcJl1m9LYPChBLE980Jw+CS4Wokqxw==",
			"dev": true
		},
		"deprecation": {
			"version": "2.3.1",
			"resolved": "https://registry.npmjs.org/deprecation/-/deprecation-2.3.1.tgz",
			"integrity": "sha512-xmHIy4F3scKVwMsQ4WnVaS8bHOx0DmVwRywosKhaILI0ywMDWPtBSku2HNxRvF7jtwDRsoEwYQSfbxj8b7RlJQ==",
			"dev": true
		},
		"gist-box": {
			"version": "0.3.1",
			"resolved": "https://registry.npmjs.org/gist-box/-/gist-box-0.3.1.tgz",
			"integrity": "sha512-ylUuIgJtoT/QkeTKetoVGCKI636/N++3z0OH/GoG58NkSOcmzb8KepR3CAnk3oV1MFRQrTrzwBgZiSlf/OImXw==",
			"dev": true,
			"requires": {
				"@octokit/request": "^5.3.4"
			}
		},
		"is-plain-object": {
			"version": "5.0.0",
			"resolved": "https://registry.npmjs.org/is-plain-object/-/is-plain-object-5.0.0.tgz",
			"integrity": "sha512-VRSzKkbMm5jMDoKLbltAkFQ5Qr7VDiTFGXxYFXXowVj387GeGNOCsOH6Msy00SGZ3Fp84b1Naa1psqgcCIEP5Q==",
			"dev": true
		},
		"node-fetch": {
			"version": "2.6.1",
			"resolved": "https://registry.npmjs.org/node-fetch/-/node-fetch-2.6.1.tgz",
			"integrity": "sha512-V4aYg89jEoVRxRb2fJdAg8FHvI7cEyYdVAh94HH0UIK8oJxUfkjlDQN9RbMx+bEjP7+ggMiFRprSti032Oipxw==",
			"dev": true
		},
		"once": {
			"version": "1.4.0",
			"resolved": "https://registry.npmjs.org/once/-/once-1.4.0.tgz",
			"integrity": "sha1-WDsap3WWHUsROsF9nFC6753Xa9E=",
			"dev": true,
			"requires": {
				"wrappy": "1"
			}
		},
		"tunnel": {
			"version": "0.0.6",
			"resolved": "https://registry.npmjs.org/tunnel/-/tunnel-0.0.6.tgz",
			"integrity": "sha512-1h/Lnq9yajKY2PEbBadPXj3VxsDDu844OnaAo52UVmIzIvwwtBPIuNvkjuzBlTWpfJyUbG3ez0KSBibQkj4ojg==",
			"dev": true
		},
		"undici": {
			"version": "5.28.4",
			"resolved": "https://registry.npmjs.org/undici/-/undici-5.28.4.tgz",
			"integrity": "sha512-72RFADWFqKmUb2hmmvNODKL3p9hcB6Gt2DOQMis1SEBaV6a4MH8soBvzg+95CYhCKPFedut2JY9bMfrDl9D23g==",
			"dev": true,
			"requires": {
				"@fastify/busboy": "^2.0.0"
			}
		},
		"universal-user-agent": {
			"version": "6.0.0",
			"resolved": "https://registry.npmjs.org/universal-user-agent/-/universal-user-agent-6.0.0.tgz",
			"integrity": "sha512-isyNax3wXoKaulPDZWHQqbmIx1k2tb9fb3GGDBRxCscfYV2Ch7WxPArBsFEG8s/safwXTT7H4QGhaIkTp9447w==",
			"dev": true
		},
		"uuid": {
			"version": "8.3.2",
			"resolved": "https://registry.npmjs.org/uuid/-/uuid-8.3.2.tgz",
			"integrity": "sha512-+NYs2QeMWy+GWFOEm9xnn6HCDp0l7QBD7ml8zLUmJ+93Q5NF0NocErnwkTkXVFNiX3/fpC6afS8Dhb/gz7R7eg==",
			"dev": true
		},
		"wrappy": {
			"version": "1.0.2",
			"resolved": "https://registry.npmjs.org/wrappy/-/wrappy-1.0.2.tgz",
			"integrity": "sha1-tSQ9jz7BqjXxNkYFvA0QNuMKtp8=",
			"dev": true
		}
	}
}
